{
  "name": "react-typewriting",
  "version": "2.0.1",
  "lockfileVersion": 1,
  "requires": true,
  "dependencies": {
    "@types/react": {
      "version": "15.6.19",
      "resolved": "https://registry.npmjs.org/@types/react/-/react-15.6.19.tgz",
      "integrity": "sha512-QUgMbR4JWOXOddjzTnieXlqiAWq8mQFbqQd7e5WwllGA3AEwuCE4vMhT05HaYGxHHCItS5vDX9Du0XWD1FQvnw==",
      "dev": true
    },
    "typescript": {
      "version": "3.0.1",
      "resolved": "https://registry.npmjs.org/typescript/-/typescript-3.0.1.tgz",
      "integrity": "sha512-zQIMOmC+372pC/CCVLqnQ0zSBiY7HHodU7mpQdjiZddek4GMj31I3dUJ7gAs9o65X7mnRma6OokOkc6f9jjfBg==",
      "dev": true
    }
  }
}
